// !$*UTF8*$!
{
	archiveVersion = 1;
	classes = {
	};
	objectVersion = 50;
	objects = {

/* Begin PBXBuildFile section */
		7603A35A227870BE005AFDCD /* placeholder.png in Resources */ = {isa = PBXBuildFile; fileRef = 7603A359227870BE005AFDCD /* placeholder.png */; };
		7606490E229F31940066F3DD /* SafariVC.swift in Sources */ = {isa = PBXBuildFile; fileRef = 7606490D229F31940066F3DD /* SafariVC.swift */; };
		76064910229F3B340066F3DD /* WebKit.framework in Frameworks */ = {isa = PBXBuildFile; fileRef = 7606490F229F3B340066F3DD /* WebKit.framework */; };
		76064916229F53160066F3DD /* NewsDetailsViewController.swift in Sources */ = {isa = PBXBuildFile; fileRef = 76064915229F53160066F3DD /* NewsDetailsViewController.swift */; };
		761A1306226E1119006E3C0B /* AppDelegate.swift in Sources */ = {isa = PBXBuildFile; fileRef = 761A1305226E1119006E3C0B /* AppDelegate.swift */; };
		761A1308226E1119006E3C0B /* ViewController.swift in Sources */ = {isa = PBXBuildFile; fileRef = 761A1307226E1119006E3C0B /* ViewController.swift */; };
		761A130B226E1119006E3C0B /* Main.storyboard in Resources */ = {isa = PBXBuildFile; fileRef = 761A1309226E1119006E3C0B /* Main.storyboard */; };
		761A130D226E111A006E3C0B /* Assets.xcassets in Resources */ = {isa = PBXBuildFile; fileRef = 761A130C226E111A006E3C0B /* Assets.xcassets */; };
		761A1310226E111A006E3C0B /* LaunchScreen.storyboard in Resources */ = {isa = PBXBuildFile; fileRef = 761A130E226E111A006E3C0B /* LaunchScreen.storyboard */; };
		761A131B226E14CC006E3C0B /* ThemeManager.swift in Sources */ = {isa = PBXBuildFile; fileRef = 761A131A226E14CC006E3C0B /* ThemeManager.swift */; };
		761A131D226E17CB006E3C0B /* NewsHeadlinesTableViewController.swift in Sources */ = {isa = PBXBuildFile; fileRef = 761A131C226E17CB006E3C0B /* NewsHeadlinesTableViewController.swift */; };
		761A1320226E1EE0006E3C0B /* NewsHeadlineTableViewCell.swift in Sources */ = {isa = PBXBuildFile; fileRef = 761A131F226E1EE0006E3C0B /* NewsHeadlineTableViewCell.swift */; };
		7646BE422281BA4600D61260 /* NewsDetailsViewModel.swift in Sources */ = {isa = PBXBuildFile; fileRef = 7646BE412281BA4600D61260 /* NewsDetailsViewModel.swift */; };
		765D6885227655E30050D5E8 /* Category.swift in Sources */ = {isa = PBXBuildFile; fileRef = 765D6884227655E30050D5E8 /* Category.swift */; };
		765D6887227656730050D5E8 /* Article.swift in Sources */ = {isa = PBXBuildFile; fileRef = 765D6886227656730050D5E8 /* Article.swift */; };
		765D6889227663370050D5E8 /* CategoryService.swift in Sources */ = {isa = PBXBuildFile; fileRef = 765D6888227663370050D5E8 /* CategoryService.swift */; };
		765D688C2276653D0050D5E8 /* URL+Extensions.swift in Sources */ = {isa = PBXBuildFile; fileRef = 765D688B2276653D0050D5E8 /* URL+Extensions.swift */; };
		766F66A12274882E00452AE5 /* Webservice.swift in Sources */ = {isa = PBXBuildFile; fileRef = 766F66A02274882E00452AE5 /* Webservice.swift */; };
		76B3F4DC227748F8009F7931 /* CategoryListViewModel.swift in Sources */ = {isa = PBXBuildFile; fileRef = 76B3F4DB227748F8009F7931 /* CategoryListViewModel.swift */; };
		76B3F4DE22774C70009F7931 /* ArticleViewModel.swift in Sources */ = {isa = PBXBuildFile; fileRef = 76B3F4DD22774C70009F7931 /* ArticleViewModel.swift */; };
		76B3F4E022774D9D009F7931 /* UIImage+Extensions.swift in Sources */ = {isa = PBXBuildFile; fileRef = 76B3F4DF22774D9D009F7931 /* UIImage+Extensions.swift */; };
		76FA35B8228083C20027D36A /* UIView+Extensions.swift in Sources */ = {isa = PBXBuildFile; fileRef = 76FA35B7228083C20027D36A /* UIView+Extensions.swift */; };
		76FA35BA228083D00027D36A /* Date+Extensions.swift in Sources */ = {isa = PBXBuildFile; fileRef = 76FA35B9228083D00027D36A /* Date+Extensions.swift */; };
		76FA35BC228090C10027D36A /* UIFont+Extensions.swift in Sources */ = {isa = PBXBuildFile; fileRef = 76FA35BB228090C10027D36A /* UIFont+Extensions.swift */; };
/* End PBXBuildFile section */

/* Begin PBXFileReference section */
		7603A359227870BE005AFDCD /* placeholder.png */ = {isa = PBXFileReference; lastKnownFileType = image.png; path = placeholder.png; sourceTree = "<group>"; };
		7606490D229F31940066F3DD /* SafariVC.swift */ = {isa = PBXFileReference; lastKnownFileType = sourcecode.swift; path = SafariVC.swift; sourceTree = "<group>"; };
		7606490F229F3B340066F3DD /* WebKit.framework */ = {isa = PBXFileReference; lastKnownFileType = wrapper.framework; name = WebKit.framework; path = System/Library/Frameworks/WebKit.framework; sourceTree = SDKROOT; };
		76064915229F53160066F3DD /* NewsDetailsViewController.swift */ = {isa = PBXFileReference; fileEncoding = 4; lastKnownFileType = sourcecode.swift; name = NewsDetailsViewController.swift; path = ../../../../Desktop/NewsDetailsViewController.swift; sourceTree = "<group>"; };
		761A1302226E1119006E3C0B /* squarenews.app */ = {isa = PBXFileReference; explicitFileType = wrapper.application; includeInIndex = 0; path = squarenews.app; sourceTree = BUILT_PRODUCTS_DIR; };
		761A1305226E1119006E3C0B /* AppDelegate.swift */ = {isa = PBXFileReference; lastKnownFileType = sourcecode.swift; path = AppDelegate.swift; sourceTree = "<group>"; };
		761A1307226E1119006E3C0B /* ViewController.swift */ = {isa = PBXFileReference; lastKnownFileType = sourcecode.swift; path = ViewController.swift; sourceTree = "<group>"; };
		761A130A226E1119006E3C0B /* Base */ = {isa = PBXFileReference; lastKnownFileType = file.storyboard; name = Base; path = Base.lproj/Main.storyboard; sourceTree = "<group>"; };
		761A130C226E111A006E3C0B /* Assets.xcassets */ = {isa = PBXFileReference; lastKnownFileType = folder.assetcatalog; path = Assets.xcassets; sourceTree = "<group>"; };
		761A130F226E111A006E3C0B /* Base */ = {isa = PBXFileReference; lastKnownFileType = file.storyboard; name = Base; path = Base.lproj/LaunchScreen.storyboard; sourceTree = "<group>"; };
		761A1311226E111A006E3C0B /* Info.plist */ = {isa = PBXFileReference; lastKnownFileType = text.plist.xml; path = Info.plist; sourceTree = "<group>"; };
		761A131A226E14CC006E3C0B /* ThemeManager.swift */ = {isa = PBXFileReference; lastKnownFileType = sourcecode.swift; path = ThemeManager.swift; sourceTree = "<group>"; };
		761A131C226E17CB006E3C0B /* NewsHeadlinesTableViewController.swift */ = {isa = PBXFileReference; lastKnownFileType = sourcecode.swift; path = NewsHeadlinesTableViewController.swift; sourceTree = "<group>"; };
		761A131F226E1EE0006E3C0B /* NewsHeadlineTableViewCell.swift */ = {isa = PBXFileReference; lastKnownFileType = sourcecode.swift; path = NewsHeadlineTableViewCell.swift; sourceTree = "<group>"; };
		7646BE412281BA4600D61260 /* NewsDetailsViewModel.swift */ = {isa = PBXFileReference; lastKnownFileType = sourcecode.swift; path = NewsDetailsViewModel.swift; sourceTree = "<group>"; };
		765D6884227655E30050D5E8 /* Category.swift */ = {isa = PBXFileReference; lastKnownFileType = sourcecode.swift; path = Category.swift; sourceTree = "<group>"; };
		765D6886227656730050D5E8 /* Article.swift */ = {isa = PBXFileReference; lastKnownFileType = sourcecode.swift; path = Article.swift; sourceTree = "<group>"; };
		765D6888227663370050D5E8 /* CategoryService.swift */ = {isa = PBXFileReference; lastKnownFileType = sourcecode.swift; path = CategoryService.swift; sourceTree = "<group>"; };
		765D688B2276653D0050D5E8 /* URL+Extensions.swift */ = {isa = PBXFileReference; lastKnownFileType = sourcecode.swift; path = "URL+Extensions.swift"; sourceTree = "<group>"; };
		766F66A02274882E00452AE5 /* Webservice.swift */ = {isa = PBXFileReference; lastKnownFileType = sourcecode.swift; path = Webservice.swift; sourceTree = "<group>"; };
		76B3F4DB227748F8009F7931 /* CategoryListViewModel.swift */ = {isa = PBXFileReference; lastKnownFileType = sourcecode.swift; path = CategoryListViewModel.swift; sourceTree = "<group>"; };
		76B3F4DD22774C70009F7931 /* ArticleViewModel.swift */ = {isa = PBXFileReference; lastKnownFileType = sourcecode.swift; path = ArticleViewModel.swift; sourceTree = "<group>"; };
		76B3F4DF22774D9D009F7931 /* UIImage+Extensions.swift */ = {isa = PBXFileReference; lastKnownFileType = sourcecode.swift; path = "UIImage+Extensions.swift"; sourceTree = "<group>"; };
		76FA35B7228083C20027D36A /* UIView+Extensions.swift */ = {isa = PBXFileReference; lastKnownFileType = sourcecode.swift; path = "UIView+Extensions.swift"; sourceTree = "<group>"; };
		76FA35B9228083D00027D36A /* Date+Extensions.swift */ = {isa = PBXFileReference; lastKnownFileType = sourcecode.swift; path = "Date+Extensions.swift"; sourceTree = "<group>"; };
		76FA35BB228090C10027D36A /* UIFont+Extensions.swift */ = {isa = PBXFileReference; lastKnownFileType = sourcecode.swift; path = "UIFont+Extensions.swift"; sourceTree = "<group>"; };
/* End PBXFileReference section */

/* Begin PBXFrameworksBuildPhase section */
		761A12FF226E1119006E3C0B /* Frameworks */ = {
			isa = PBXFrameworksBuildPhase;
			buildActionMask = 2147483647;
			files = (
				76064910229F3B340066F3DD /* WebKit.framework in Frameworks */,
			);
			runOnlyForDeploymentPostprocessing = 0;
		};
/* End PBXFrameworksBuildPhase section */

/* Begin PBXGroup section */
		761A12F9226E1118006E3C0B = {
			isa = PBXGroup;
			children = (
				761A1304226E1119006E3C0B /* Square News */,
				761A1303226E1119006E3C0B /* Products */,
				7663466C229D7FCD00E59B70 /* Frameworks */,
			);
			sourceTree = "<group>";
		};
		761A1303226E1119006E3C0B /* Products */ = {
			isa = PBXGroup;
			children = (
				761A1302226E1119006E3C0B /* squarenews.app */,
			);
			name = Products;
			sourceTree = "<group>";
		};
		761A1304226E1119006E3C0B /* Square News */ = {
			isa = PBXGroup;
			children = (
				761A1317226E1486006E3C0B /* Managers */,
				76B3F4DA227748CF009F7931 /* ViewModels */,
				765D688A227665250050D5E8 /* Extensions */,
				765D6883227655D10050D5E8 /* Models */,
				766F669F2274880A00452AE5 /* Services */,
				761A1321226E91E2006E3C0B /* Images */,
				761A131E226E1E67006E3C0B /* Cells */,
				761A1319226E14A9006E3C0B /* Controllers */,
				761A1305226E1119006E3C0B /* AppDelegate.swift */,
				761A1307226E1119006E3C0B /* ViewController.swift */,
				761A1309226E1119006E3C0B /* Main.storyboard */,
				761A130C226E111A006E3C0B /* Assets.xcassets */,
				761A130E226E111A006E3C0B /* LaunchScreen.storyboard */,
				761A1311226E111A006E3C0B /* Info.plist */,
			);
			path = "Square News";
			sourceTree = "<group>";
		};
		761A1317226E1486006E3C0B /* Managers */ = {
			isa = PBXGroup;
			children = (
				761A131A226E14CC006E3C0B /* ThemeManager.swift */,
			);
			path = Managers;
			sourceTree = "<group>";
		};
		761A1319226E14A9006E3C0B /* Controllers */ = {
			isa = PBXGroup;
			children = (
				761A131C226E17CB006E3C0B /* NewsHeadlinesTableViewController.swift */,
				76064915229F53160066F3DD /* NewsDetailsViewController.swift */,
				7606490D229F31940066F3DD /* SafariVC.swift */,
			);
			path = Controllers;
			sourceTree = "<group>";
		};
		761A131E226E1E67006E3C0B /* Cells */ = {
			isa = PBXGroup;
			children = (
				761A131F226E1EE0006E3C0B /* NewsHeadlineTableViewCell.swift */,
			);
			path = Cells;
			sourceTree = "<group>";
		};
		761A1321226E91E2006E3C0B /* Images */ = {
			isa = PBXGroup;
			children = (
				7603A359227870BE005AFDCD /* placeholder.png */,
			);
			path = Images;
			sourceTree = "<group>";
		};
		765D6883227655D10050D5E8 /* Models */ = {
			isa = PBXGroup;
			children = (
				765D6884227655E30050D5E8 /* Category.swift */,
				765D6886227656730050D5E8 /* Article.swift */,
			);
			path = Models;
			sourceTree = "<group>";
		};
		765D688A227665250050D5E8 /* Extensions */ = {
			isa = PBXGroup;
			children = (
				765D688B2276653D0050D5E8 /* URL+Extensions.swift */,
				76B3F4DF22774D9D009F7931 /* UIImage+Extensions.swift */,
				76FA35B7228083C20027D36A /* UIView+Extensions.swift */,
				76FA35B9228083D00027D36A /* Date+Extensions.swift */,
				76FA35BB228090C10027D36A /* UIFont+Extensions.swift */,
			);
			path = Extensions;
			sourceTree = "<group>";
		};
		7663466C229D7FCD00E59B70 /* Frameworks */ = {
			isa = PBXGroup;
			children = (
				7606490F229F3B340066F3DD /* WebKit.framework */,
			);
			name = Frameworks;
			sourceTree = "<group>";
		};
		766F669F2274880A00452AE5 /* Services */ = {
			isa = PBXGroup;
			children = (
				766F66A02274882E00452AE5 /* Webservice.swift */,
				765D6888227663370050D5E8 /* CategoryService.swift */,
			);
			path = Services;
			sourceTree = "<group>";
		};
		76B3F4DA227748CF009F7931 /* ViewModels */ = {
			isa = PBXGroup;
			children = (
				76B3F4DB227748F8009F7931 /* CategoryListViewModel.swift */,
				76B3F4DD22774C70009F7931 /* ArticleViewModel.swift */,
				7646BE412281BA4600D61260 /* NewsDetailsViewModel.swift */,
			);
			path = ViewModels;
			sourceTree = "<group>";
		};
/* End PBXGroup section */

/* Begin PBXNativeTarget section */
		761A1301226E1119006E3C0B /* squarenews */ = {
			isa = PBXNativeTarget;
			buildConfigurationList = 761A1314226E111A006E3C0B /* Build configuration list for PBXNativeTarget "squarenews" */;
			buildPhases = (
				761A12FE226E1119006E3C0B /* Sources */,
				761A12FF226E1119006E3C0B /* Frameworks */,
				761A1300226E1119006E3C0B /* Resources */,
			);
			buildRules = (
			);
			dependencies = (
			);
			name = squarenews;
			productName = thewallnews;
			productReference = 761A1302226E1119006E3C0B /* squarenews.app */;
			productType = "com.apple.product-type.application";
		};
/* End PBXNativeTarget section */

/* Begin PBXProject section */
		761A12FA226E1118006E3C0B /* Project object */ = {
			isa = PBXProject;
			attributes = {
				LastSwiftUpdateCheck = 1020;
				LastUpgradeCheck = 1020;
				ORGANIZATIONNAME = "Ahmed Afifi";
				TargetAttributes = {
					761A1301226E1119006E3C0B = {
						CreatedOnToolsVersion = 10.2;
					};
				};
			};
			buildConfigurationList = 761A12FD226E1119006E3C0B /* Build configuration list for PBXProject "Square News" */;
			compatibilityVersion = "Xcode 9.3";
			developmentRegion = en;
			hasScannedForEncodings = 0;
			knownRegions = (
				en,
				Base,
			);
			mainGroup = 761A12F9226E1118006E3C0B;
			productRefGroup = 761A1303226E1119006E3C0B /* Products */;
			projectDirPath = "";
			projectRoot = "";
			targets = (
				761A1301226E1119006E3C0B /* squarenews */,
			);
		};
/* End PBXProject section */

/* Begin PBXResourcesBuildPhase section */
		761A1300226E1119006E3C0B /* Resources */ = {
			isa = PBXResourcesBuildPhase;
			buildActionMask = 2147483647;
			files = (
				761A1310226E111A006E3C0B /* LaunchScreen.storyboard in Resources */,
				7603A35A227870BE005AFDCD /* placeholder.png in Resources */,
				761A130D226E111A006E3C0B /* Assets.xcassets in Resources */,
				761A130B226E1119006E3C0B /* Main.storyboard in Resources */,
			);
			runOnlyForDeploymentPostprocessing = 0;
		};
/* End PBXResourcesBuildPhase section */

/* Begin PBXSourcesBuildPhase section */
		761A12FE226E1119006E3C0B /* Sources */ = {
			isa = PBXSourcesBuildPhase;
			buildActionMask = 2147483647;
			files = (
				76064916229F53160066F3DD /* NewsDetailsViewController.swift in Sources */,
				76FA35B8228083C20027D36A /* UIView+Extensions.swift in Sources */,
				761A131D226E17CB006E3C0B /* NewsHeadlinesTableViewController.swift in Sources */,
				7646BE422281BA4600D61260 /* NewsDetailsViewModel.swift in Sources */,
				76FA35BC228090C10027D36A /* UIFont+Extensions.swift in Sources */,
				761A1320226E1EE0006E3C0B /* NewsHeadlineTableViewCell.swift in Sources */,
				7606490E229F31940066F3DD /* SafariVC.swift in Sources */,
				766F66A12274882E00452AE5 /* Webservice.swift in Sources */,
				765D6889227663370050D5E8 /* CategoryService.swift in Sources */,
				761A1308226E1119006E3C0B /* ViewController.swift in Sources */,
				765D6887227656730050D5E8 /* Article.swift in Sources */,
				76B3F4DC227748F8009F7931 /* CategoryListViewModel.swift in Sources */,
				76FA35BA228083D00027D36A /* Date+Extensions.swift in Sources */,
				761A1306226E1119006E3C0B /* AppDelegate.swift in Sources */,
				765D688C2276653D0050D5E8 /* URL+Extensions.swift in Sources */,
				76B3F4DE22774C70009F7931 /* ArticleViewModel.swift in Sources */,
				76B3F4E022774D9D009F7931 /* UIImage+Extensions.swift in Sources */,
				761A131B226E14CC006E3C0B /* ThemeManager.swift in Sources */,
				765D6885227655E30050D5E8 /* Category.swift in Sources */,
			);
			runOnlyForDeploymentPostprocessing = 0;
		};
/* End PBXSourcesBuildPhase section */

/* Begin PBXVariantGroup section */
		761A1309226E1119006E3C0B /* Main.storyboard */ = {
			isa = PBXVariantGroup;
			children = (
				761A130A226E1119006E3C0B /* Base */,
			);
			name = Main.storyboard;
			sourceTree = "<group>";
		};
		761A130E226E111A006E3C0B /* LaunchScreen.storyboard */ = {
			isa = PBXVariantGroup;
			children = (
				761A130F226E111A006E3C0B /* Base */,
			);
			name = LaunchScreen.storyboard;
			sourceTree = "<group>";
		};
/* End PBXVariantGroup section */

/* Begin XCBuildConfiguration section */
		761A1312226E111A006E3C0B /* Debug */ = {
			isa = XCBuildConfiguration;
			buildSettings = {
				ALWAYS_SEARCH_USER_PATHS = NO;
				CLANG_ANALYZER_NONNULL = YES;
				CLANG_ANALYZER_NUMBER_OBJECT_CONVERSION = YES_AGGRESSIVE;
				CLANG_CXX_LANGUAGE_STANDARD = "gnu++14";
				CLANG_CXX_LIBRARY = "libc++";
				CLANG_ENABLE_MODULES = YES;
				CLANG_ENABLE_OBJC_ARC = YES;
				CLANG_ENABLE_OBJC_WEAK = YES;
				CLANG_WARN_BLOCK_CAPTURE_AUTORELEASING = YES;
				CLANG_WARN_BOOL_CONVERSION = YES;
				CLANG_WARN_COMMA = YES;
				CLANG_WARN_CONSTANT_CONVERSION = YES;
				CLANG_WARN_DEPRECATED_OBJC_IMPLEMENTATIONS = YES;
				CLANG_WARN_DIRECT_OBJC_ISA_USAGE = YES_ERROR;
				CLANG_WARN_DOCUMENTATION_COMMENTS = YES;
				CLANG_WARN_EMPTY_BODY = YES;
				CLANG_WARN_ENUM_CONVERSION = YES;
				CLANG_WARN_INFINITE_RECURSION = YES;
				CLANG_WARN_INT_CONVERSION = YES;
				CLANG_WARN_NON_LITERAL_NULL_CONVERSION = YES;
				CLANG_WARN_OBJC_IMPLICIT_RETAIN_SELF = YES;
				CLANG_WARN_OBJC_LITERAL_CONVERSION = YES;
				CLANG_WARN_OBJC_ROOT_CLASS = YES_ERROR;
				CLANG_WARN_RANGE_LOOP_ANALYSIS = YES;
				CLANG_WARN_STRICT_PROTOTYPES = YES;
				CLANG_WARN_SUSPICIOUS_MOVE = YES;
				CLANG_WARN_UNGUARDED_AVAILABILITY = YES_AGGRESSIVE;
				CLANG_WARN_UNREACHABLE_CODE = YES;
				CLANG_WARN__DUPLICATE_METHOD_MATCH = YES;
				CODE_SIGN_IDENTITY = "iPhone Developer";
				COPY_PHASE_STRIP = NO;
				DEBUG_INFORMATION_FORMAT = dwarf;
				ENABLE_STRICT_OBJC_MSGSEND = YES;
				ENABLE_TESTABILITY = YES;
				GCC_C_LANGUAGE_STANDARD = gnu11;
				GCC_DYNAMIC_NO_PIC = NO;
				GCC_NO_COMMON_BLOCKS = YES;
				GCC_OPTIMIZATION_LEVEL = 0;
				GCC_PREPROCESSOR_DEFINITIONS = (
					"DEBUG=1",
					"$(inherited)",
				);
				GCC_WARN_64_TO_32_BIT_CONVERSION = YES;
				GCC_WARN_ABOUT_RETURN_TYPE = YES_ERROR;
				GCC_WARN_UNDECLARED_SELECTOR = YES;
				GCC_WARN_UNINITIALIZED_AUTOS = YES_AGGRESSIVE;
				GCC_WARN_UNUSED_FUNCTION = YES;
				GCC_WARN_UNUSED_VARIABLE = YES;
				IPHONEOS_DEPLOYMENT_TARGET = 12.2;
				MTL_ENABLE_DEBUG_INFO = INCLUDE_SOURCE;
				MTL_FAST_MATH = YES;
				ONLY_ACTIVE_ARCH = YES;
				SDKROOT = iphoneos;
				SWIFT_ACTIVE_COMPILATION_CONDITIONS = DEBUG;
				SWIFT_OPTIMIZATION_LEVEL = "-Onone";
			};
			name = Debug;
		};
		761A1313226E111A006E3C0B /* Release */ = {
			isa = XCBuildConfiguration;
			buildSettings = {
				ALWAYS_SEARCH_USER_PATHS = NO;
				CLANG_ANALYZER_NONNULL = YES;
				CLANG_ANALYZER_NUMBER_OBJECT_CONVERSION = YES_AGGRESSIVE;
				CLANG_CXX_LANGUAGE_STANDARD = "gnu++14";
				CLANG_CXX_LIBRARY = "libc++";
				CLANG_ENABLE_MODULES = YES;
				CLANG_ENABLE_OBJC_ARC = YES;
				CLANG_ENABLE_OBJC_WEAK = YES;
				CLANG_WARN_BLOCK_CAPTURE_AUTORELEASING = YES;
				CLANG_WARN_BOOL_CONVERSION = YES;
				CLANG_WARN_COMMA = YES;
				CLANG_WARN_CONSTANT_CONVERSION = YES;
				CLANG_WARN_DEPRECATED_OBJC_IMPLEMENTATIONS = YES;
				CLANG_WARN_DIRECT_OBJC_ISA_USAGE = YES_ERROR;
				CLANG_WARN_DOCUMENTATION_COMMENTS = YES;
				CLANG_WARN_EMPTY_BODY = YES;
				CLANG_WARN_ENUM_CONVERSION = YES;
				CLANG_WARN_INFINITE_RECURSION = YES;
				CLANG_WARN_INT_CONVERSION = YES;
				CLANG_WARN_NON_LITERAL_NULL_CONVERSION = YES;
				CLANG_WARN_OBJC_IMPLICIT_RETAIN_SELF = YES;
				CLANG_WARN_OBJC_LITERAL_CONVERSION = YES;
				CLANG_WARN_OBJC_ROOT_CLASS = YES_ERROR;
				CLANG_WARN_RANGE_LOOP_ANALYSIS = YES;
				CLANG_WARN_STRICT_PROTOTYPES = YES;
				CLANG_WARN_SUSPICIOUS_MOVE = YES;
				CLANG_WARN_UNGUARDED_AVAILABILITY = YES_AGGRESSIVE;
				CLANG_WARN_UNREACHABLE_CODE = YES;
				CLANG_WARN__DUPLICATE_METHOD_MATCH = YES;
				CODE_SIGN_IDENTITY = "iPhone Developer";
				COPY_PHASE_STRIP = NO;
				DEBUG_INFORMATION_FORMAT = "dwarf-with-dsym";
				ENABLE_NS_ASSERTIONS = NO;
				ENABLE_STRICT_OBJC_MSGSEND = YES;
				GCC_C_LANGUAGE_STANDARD = gnu11;
				GCC_NO_COMMON_BLOCKS = YES;
				GCC_WARN_64_TO_32_BIT_CONVERSION = YES;
				GCC_WARN_ABOUT_RETURN_TYPE = YES_ERROR;
				GCC_WARN_UNDECLARED_SELECTOR = YES;
				GCC_WARN_UNINITIALIZED_AUTOS = YES_AGGRESSIVE;
				GCC_WARN_UNUSED_FUNCTION = YES;
				GCC_WARN_UNUSED_VARIABLE = YES;
				IPHONEOS_DEPLOYMENT_TARGET = 12.2;
				MTL_ENABLE_DEBUG_INFO = NO;
				MTL_FAST_MATH = YES;
				SDKROOT = iphoneos;
				SWIFT_COMPILATION_MODE = wholemodule;
				SWIFT_OPTIMIZATION_LEVEL = "-O";
				VALIDATE_PRODUCT = YES;
			};
			name = Release;
		};
		761A1315226E111A006E3C0B /* Debug */ = {
			isa = XCBuildConfiguration;
			buildSettings = {
				ASSETCATALOG_COMPILER_APPICON_NAME = AppIcon;
				CODE_SIGN_IDENTITY = "iPhone Developer";
				CODE_SIGN_STYLE = Automatic;
				DEVELOPMENT_TEAM = 68NL7XQ986;
				INFOPLIST_FILE = "$(SRCROOT)/Square News/Info.plist";
				IPHONEOS_DEPLOYMENT_TARGET = 11.1;
				LD_RUNPATH_SEARCH_PATHS = (
					"$(inherited)",
					"@executable_path/Frameworks",
				);
				PRODUCT_BUNDLE_IDENTIFIER = com.AhmedAfifi.thewallnews;
				PRODUCT_NAME = "$(TARGET_NAME)";
				PROVISIONING_PROFILE_SPECIFIER = "";
				SWIFT_VERSION = 5.0;
				TARGETED_DEVICE_FAMILY = 1;
			};
			name = Debug;
		};
		761A1316226E111A006E3C0B /* Release */ = {
			isa = XCBuildConfiguration;
			buildSettings = {
				ASSETCATALOG_COMPILER_APPICON_NAME = AppIcon;
				CODE_SIGN_IDENTITY = "iPhone Developer";
				CODE_SIGN_STYLE = Automatic;
				DEVELOPMENT_TEAM = 68NL7XQ986;
				INFOPLIST_FILE = "$(SRCROOT)/Square News/Info.plist";
				IPHONEOS_DEPLOYMENT_TARGET = 11.1;
				LD_RUNPATH_SEARCH_PATHS = (
					"$(inherited)",
					"@executable_path/Frameworks",
				);
				PRODUCT_BUNDLE_IDENTIFIER = com.AhmedAfifi.thewallnews;
				PRODUCT_NAME = "$(TARGET_NAME)";
				PROVISIONING_PROFILE_SPECIFIER = "";
				SWIFT_VERSION = 5.0;
				TARGETED_DEVICE_FAMILY = 1;
			};
			name = Release;
		};
/* End XCBuildConfiguration section */

/* Begin XCConfigurationList section */
		761A12FD226E1119006E3C0B /* Build configuration list for PBXProject "Square News" */ = {
			isa = XCConfigurationList;
			buildConfigurations = (
				761A1312226E111A006E3C0B /* Debug */,
				761A1313226E111A006E3C0B /* Release */,
			);
			defaultConfigurationIsVisible = 0;
			defaultConfigurationName = Release;
		};
		761A1314226E111A006E3C0B /* Build configuration list for PBXNativeTarget "squarenews" */ = {
			isa = XCConfigurationList;
			buildConfigurations = (
				761A1315226E111A006E3C0B /* Debug */,
				761A1316226E111A006E3C0B /* Release */,
			);
			defaultConfigurationIsVisible = 0;
			defaultConfigurationName = Release;
		};
/* End XCConfigurationList section */
	};
	rootObject = 761A12FA226E1118006E3C0B /* Project object */;
}
